// !$*UTF8*$!
{
	archiveVersion = 1;
	classes = {
	};
	objectVersion = 56;
	objects = {

/* Begin PBXBuildFile section */
		5977AB3329EC8D8F0045DC83 /* MySampleFrameworkKit.docc in Sources */ = {isa = PBXBuildFile; fileRef = 5977AB3229EC8D8F0045DC83 /* MySampleFrameworkKit.docc */; };
		5977AB3929EC8D8F0045DC83 /* MySampleFrameworkKit.framework in Frameworks */ = {isa = PBXBuildFile; fileRef = 5977AB2E29EC8D8F0045DC83 /* MySampleFrameworkKit.framework */; };
		5977AB3E29EC8D8F0045DC83 /* MySampleFrameworkKitTests.swift in Sources */ = {isa = PBXBuildFile; fileRef = 5977AB3D29EC8D8F0045DC83 /* MySampleFrameworkKitTests.swift */; };
		5977AB3F29EC8D8F0045DC83 /* MySampleFrameworkKit.h in Headers */ = {isa = PBXBuildFile; fileRef = 5977AB3129EC8D8F0045DC83 /* MySampleFrameworkKit.h */; settings = {ATTRIBUTES = (Public, ); }; };
		5977AB4929EC8DA30045DC83 /* MySampleVC.swift in Sources */ = {isa = PBXBuildFile; fileRef = 5977AB4829EC8DA30045DC83 /* MySampleVC.swift */; };
		5977AB5129EC926D0045DC83 /* AppDelegate.swift in Sources */ = {isa = PBXBuildFile; fileRef = 5977AB5029EC926D0045DC83 /* AppDelegate.swift */; };
		5977AB5329EC926D0045DC83 /* SceneDelegate.swift in Sources */ = {isa = PBXBuildFile; fileRef = 5977AB5229EC926D0045DC83 /* SceneDelegate.swift */; };
		5977AB5529EC926D0045DC83 /* ViewController.swift in Sources */ = {isa = PBXBuildFile; fileRef = 5977AB5429EC926D0045DC83 /* ViewController.swift */; };
		5977AB5829EC926D0045DC83 /* Main.storyboard in Resources */ = {isa = PBXBuildFile; fileRef = 5977AB5629EC926D0045DC83 /* Main.storyboard */; };
		5977AB5A29EC926E0045DC83 /* Assets.xcassets in Resources */ = {isa = PBXBuildFile; fileRef = 5977AB5929EC926E0045DC83 /* Assets.xcassets */; };
		5977AB5D29EC926E0045DC83 /* LaunchScreen.storyboard in Resources */ = {isa = PBXBuildFile; fileRef = 5977AB5B29EC926E0045DC83 /* LaunchScreen.storyboard */; };
		5977AB6829EC926F0045DC83 /* ExampleTests.swift in Sources */ = {isa = PBXBuildFile; fileRef = 5977AB6729EC926F0045DC83 /* ExampleTests.swift */; };
		5977AB7229EC926F0045DC83 /* ExampleUITests.swift in Sources */ = {isa = PBXBuildFile; fileRef = 5977AB7129EC926F0045DC83 /* ExampleUITests.swift */; };
		5977AB7429EC926F0045DC83 /* ExampleUITestsLaunchTests.swift in Sources */ = {isa = PBXBuildFile; fileRef = 5977AB7329EC926F0045DC83 /* ExampleUITestsLaunchTests.swift */; };
		5977AB7F29EC93210045DC83 /* MySampleFrameworkKit.framework in Frameworks */ = {isa = PBXBuildFile; fileRef = 5977AB2E29EC8D8F0045DC83 /* MySampleFrameworkKit.framework */; };
		5977AB8029EC93210045DC83 /* MySampleFrameworkKit.framework in Embed Frameworks */ = {isa = PBXBuildFile; fileRef = 5977AB2E29EC8D8F0045DC83 /* MySampleFrameworkKit.framework */; settings = {ATTRIBUTES = (CodeSignOnCopy, RemoveHeadersOnCopy, ); }; };
/* End PBXBuildFile section */

/* Begin PBXContainerItemProxy section */
		5977AB3A29EC8D8F0045DC83 /* PBXContainerItemProxy */ = {
			isa = PBXContainerItemProxy;
			containerPortal = 5977AB2529EC8D8F0045DC83 /* Project object */;
			proxyType = 1;
			remoteGlobalIDString = 5977AB2D29EC8D8F0045DC83;
			remoteInfo = MySampleFrameworkKit;
		};
		5977AB6429EC926F0045DC83 /* PBXContainerItemProxy */ = {
			isa = PBXContainerItemProxy;
			containerPortal = 5977AB2529EC8D8F0045DC83 /* Project object */;
			proxyType = 1;
			remoteGlobalIDString = 5977AB4D29EC926D0045DC83;
			remoteInfo = Example;
		};
		5977AB6E29EC926F0045DC83 /* PBXContainerItemProxy */ = {
			isa = PBXContainerItemProxy;
			containerPortal = 5977AB2529EC8D8F0045DC83 /* Project object */;
			proxyType = 1;
			remoteGlobalIDString = 5977AB4D29EC926D0045DC83;
			remoteInfo = Example;
		};
		5977AB8129EC93210045DC83 /* PBXContainerItemProxy */ = {
			isa = PBXContainerItemProxy;
			containerPortal = 5977AB2529EC8D8F0045DC83 /* Project object */;
			proxyType = 1;
			remoteGlobalIDString = 5977AB2D29EC8D8F0045DC83;
			remoteInfo = MySampleFrameworkKit;
		};
/* End PBXContainerItemProxy section */

/* Begin PBXCopyFilesBuildPhase section */
		5977AB8329EC93210045DC83 /* Embed Frameworks */ = {
			isa = PBXCopyFilesBuildPhase;
			buildActionMask = 2147483647;
			dstPath = "";
			dstSubfolderSpec = 10;
			files = (
				5977AB8029EC93210045DC83 /* MySampleFrameworkKit.framework in Embed Frameworks */,
			);
			name = "Embed Frameworks";
			runOnlyForDeploymentPostprocessing = 0;
		};
/* End PBXCopyFilesBuildPhase section */

/* Begin PBXFileReference section */
		5977AB2E29EC8D8F0045DC83 /* MySampleFrameworkKit.framework */ = {isa = PBXFileReference; explicitFileType = wrapper.framework; includeInIndex = 0; path = MySampleFrameworkKit.framework; sourceTree = BUILT_PRODUCTS_DIR; };
		5977AB3129EC8D8F0045DC83 /* MySampleFrameworkKit.h */ = {isa = PBXFileReference; lastKnownFileType = sourcecode.c.h; path = MySampleFrameworkKit.h; sourceTree = "<group>"; };
		5977AB3229EC8D8F0045DC83 /* MySampleFrameworkKit.docc */ = {isa = PBXFileReference; lastKnownFileType = folder.documentationcatalog; path = MySampleFrameworkKit.docc; sourceTree = "<group>"; };
		5977AB3829EC8D8F0045DC83 /* MySampleFrameworkKitTests.xctest */ = {isa = PBXFileReference; explicitFileType = wrapper.cfbundle; includeInIndex = 0; path = MySampleFrameworkKitTests.xctest; sourceTree = BUILT_PRODUCTS_DIR; };
		5977AB3D29EC8D8F0045DC83 /* MySampleFrameworkKitTests.swift */ = {isa = PBXFileReference; lastKnownFileType = sourcecode.swift; path = MySampleFrameworkKitTests.swift; sourceTree = "<group>"; };
		5977AB4829EC8DA30045DC83 /* MySampleVC.swift */ = {isa = PBXFileReference; lastKnownFileType = sourcecode.swift; path = MySampleVC.swift; sourceTree = "<group>"; };
		5977AB4E29EC926D0045DC83 /* Example.app */ = {isa = PBXFileReference; explicitFileType = wrapper.application; includeInIndex = 0; path = Example.app; sourceTree = BUILT_PRODUCTS_DIR; };
		5977AB5029EC926D0045DC83 /* AppDelegate.swift */ = {isa = PBXFileReference; lastKnownFileType = sourcecode.swift; path = AppDelegate.swift; sourceTree = "<group>"; };
		5977AB5229EC926D0045DC83 /* SceneDelegate.swift */ = {isa = PBXFileReference; lastKnownFileType = sourcecode.swift; path = SceneDelegate.swift; sourceTree = "<group>"; };
		5977AB5429EC926D0045DC83 /* ViewController.swift */ = {isa = PBXFileReference; lastKnownFileType = sourcecode.swift; path = ViewController.swift; sourceTree = "<group>"; };
		5977AB5729EC926D0045DC83 /* Base */ = {isa = PBXFileReference; lastKnownFileType = file.storyboard; name = Base; path = Base.lproj/Main.storyboard; sourceTree = "<group>"; };
		5977AB5929EC926E0045DC83 /* Assets.xcassets */ = {isa = PBXFileReference; lastKnownFileType = folder.assetcatalog; path = Assets.xcassets; sourceTree = "<group>"; };
		5977AB5C29EC926E0045DC83 /* Base */ = {isa = PBXFileReference; lastKnownFileType = file.storyboard; name = Base; path = Base.lproj/LaunchScreen.storyboard; sourceTree = "<group>"; };
		5977AB5E29EC926E0045DC83 /* Info.plist */ = {isa = PBXFileReference; lastKnownFileType = text.plist.xml; path = Info.plist; sourceTree = "<group>"; };
		5977AB6329EC926E0045DC83 /* ExampleTests.xctest */ = {isa = PBXFileReference; explicitFileType = wrapper.cfbundle; includeInIndex = 0; path = ExampleTests.xctest; sourceTree = BUILT_PRODUCTS_DIR; };
		5977AB6729EC926F0045DC83 /* ExampleTests.swift */ = {isa = PBXFileReference; lastKnownFileType = sourcecode.swift; path = ExampleTests.swift; sourceTree = "<group>"; };
		5977AB6D29EC926F0045DC83 /* ExampleUITests.xctest */ = {isa = PBXFileReference; explicitFileType = wrapper.cfbundle; includeInIndex = 0; path = ExampleUITests.xctest; sourceTree = BUILT_PRODUCTS_DIR; };
		5977AB7129EC926F0045DC83 /* ExampleUITests.swift */ = {isa = PBXFileReference; lastKnownFileType = sourcecode.swift; path = ExampleUITests.swift; sourceTree = "<group>"; };
		5977AB7329EC926F0045DC83 /* ExampleUITestsLaunchTests.swift */ = {isa = PBXFileReference; lastKnownFileType = sourcecode.swift; path = ExampleUITestsLaunchTests.swift; sourceTree = "<group>"; };
/* End PBXFileReference section */

/* Begin PBXFrameworksBuildPhase section */
		5977AB2B29EC8D8F0045DC83 /* Frameworks */ = {
			isa = PBXFrameworksBuildPhase;
			buildActionMask = 2147483647;
			files = (
			);
			runOnlyForDeploymentPostprocessing = 0;
		};
		5977AB3529EC8D8F0045DC83 /* Frameworks */ = {
			isa = PBXFrameworksBuildPhase;
			buildActionMask = 2147483647;
			files = (
				5977AB3929EC8D8F0045DC83 /* MySampleFrameworkKit.framework in Frameworks */,
			);
			runOnlyForDeploymentPostprocessing = 0;
		};
		5977AB4B29EC926D0045DC83 /* Frameworks */ = {
			isa = PBXFrameworksBuildPhase;
			buildActionMask = 2147483647;
			files = (
				5977AB7F29EC93210045DC83 /* MySampleFrameworkKit.framework in Frameworks */,
			);
			runOnlyForDeploymentPostprocessing = 0;
		};
		5977AB6029EC926E0045DC83 /* Frameworks */ = {
			isa = PBXFrameworksBuildPhase;
			buildActionMask = 2147483647;
			files = (
			);
			runOnlyForDeploymentPostprocessing = 0;
		};
		5977AB6A29EC926F0045DC83 /* Frameworks */ = {
			isa = PBXFrameworksBuildPhase;
			buildActionMask = 2147483647;
			files = (
			);
			runOnlyForDeploymentPostprocessing = 0;
		};
/* End PBXFrameworksBuildPhase section */

/* Begin PBXGroup section */
		5977AB2429EC8D8F0045DC83 = {
			isa = PBXGroup;
			children = (
				5977AB3029EC8D8F0045DC83 /* MySampleFrameworkKit */,
				5977AB3C29EC8D8F0045DC83 /* MySampleFrameworkKitTests */,
				5977AB4F29EC926D0045DC83 /* Example */,
				5977AB6629EC926F0045DC83 /* ExampleTests */,
				5977AB7029EC926F0045DC83 /* ExampleUITests */,
				5977AB2F29EC8D8F0045DC83 /* Products */,
				5977AB7E29EC93210045DC83 /* Frameworks */,
			);
			sourceTree = "<group>";
		};
		5977AB2F29EC8D8F0045DC83 /* Products */ = {
			isa = PBXGroup;
			children = (
				5977AB2E29EC8D8F0045DC83 /* MySampleFrameworkKit.framework */,
				5977AB3829EC8D8F0045DC83 /* MySampleFrameworkKitTests.xctest */,
				5977AB4E29EC926D0045DC83 /* Example.app */,
				5977AB6329EC926E0045DC83 /* ExampleTests.xctest */,
				5977AB6D29EC926F0045DC83 /* ExampleUITests.xctest */,
			);
			name = Products;
			sourceTree = "<group>";
		};
		5977AB3029EC8D8F0045DC83 /* MySampleFrameworkKit */ = {
			isa = PBXGroup;
			children = (
				5977AB3129EC8D8F0045DC83 /* MySampleFrameworkKit.h */,
				5977AB3229EC8D8F0045DC83 /* MySampleFrameworkKit.docc */,
				5977AB4829EC8DA30045DC83 /* MySampleVC.swift */,
			);
			path = MySampleFrameworkKit;
			sourceTree = "<group>";
		};
		5977AB3C29EC8D8F0045DC83 /* MySampleFrameworkKitTests */ = {
			isa = PBXGroup;
			children = (
				5977AB3D29EC8D8F0045DC83 /* MySampleFrameworkKitTests.swift */,
			);
			path = MySampleFrameworkKitTests;
			sourceTree = "<group>";
		};
		5977AB4F29EC926D0045DC83 /* Example */ = {
			isa = PBXGroup;
			children = (
				5977AB5029EC926D0045DC83 /* AppDelegate.swift */,
				5977AB5229EC926D0045DC83 /* SceneDelegate.swift */,
				5977AB5429EC926D0045DC83 /* ViewController.swift */,
				5977AB5629EC926D0045DC83 /* Main.storyboard */,
				5977AB5929EC926E0045DC83 /* Assets.xcassets */,
				5977AB5B29EC926E0045DC83 /* LaunchScreen.storyboard */,
				5977AB5E29EC926E0045DC83 /* Info.plist */,
			);
			path = Example;
			sourceTree = "<group>";
		};
		5977AB6629EC926F0045DC83 /* ExampleTests */ = {
			isa = PBXGroup;
			children = (
				5977AB6729EC926F0045DC83 /* ExampleTests.swift */,
			);
			path = ExampleTests;
			sourceTree = "<group>";
		};
		5977AB7029EC926F0045DC83 /* ExampleUITests */ = {
			isa = PBXGroup;
			children = (
				5977AB7129EC926F0045DC83 /* ExampleUITests.swift */,
				5977AB7329EC926F0045DC83 /* ExampleUITestsLaunchTests.swift */,
			);
			path = ExampleUITests;
			sourceTree = "<group>";
		};
		5977AB7E29EC93210045DC83 /* Frameworks */ = {
			isa = PBXGroup;
			children = (
			);
			name = Frameworks;
			sourceTree = "<group>";
		};
/* End PBXGroup section */

/* Begin PBXHeadersBuildPhase section */
		5977AB2929EC8D8F0045DC83 /* Headers */ = {
			isa = PBXHeadersBuildPhase;
			buildActionMask = 2147483647;
			files = (
				5977AB3F29EC8D8F0045DC83 /* MySampleFrameworkKit.h in Headers */,
			);
			runOnlyForDeploymentPostprocessing = 0;
		};
/* End PBXHeadersBuildPhase section */

/* Begin PBXNativeTarget section */
		5977AB2D29EC8D8F0045DC83 /* MySampleFrameworkKit */ = {
			isa = PBXNativeTarget;
			buildConfigurationList = 5977AB4229EC8D8F0045DC83 /* Build configuration list for PBXNativeTarget "MySampleFrameworkKit" */;
			buildPhases = (
				5977AB2929EC8D8F0045DC83 /* Headers */,
				5977AB2A29EC8D8F0045DC83 /* Sources */,
				5977AB2B29EC8D8F0045DC83 /* Frameworks */,
				5977AB2C29EC8D8F0045DC83 /* Resources */,
			);
			buildRules = (
			);
			dependencies = (
			);
			name = MySampleFrameworkKit;
			productName = MySampleFrameworkKit;
			productReference = 5977AB2E29EC8D8F0045DC83 /* MySampleFrameworkKit.framework */;
			productType = "com.apple.product-type.framework";
		};
		5977AB3729EC8D8F0045DC83 /* MySampleFrameworkKitTests */ = {
			isa = PBXNativeTarget;
			buildConfigurationList = 5977AB4529EC8D8F0045DC83 /* Build configuration list for PBXNativeTarget "MySampleFrameworkKitTests" */;
			buildPhases = (
				5977AB3429EC8D8F0045DC83 /* Sources */,
				5977AB3529EC8D8F0045DC83 /* Frameworks */,
				5977AB3629EC8D8F0045DC83 /* Resources */,
			);
			buildRules = (
			);
			dependencies = (
				5977AB3B29EC8D8F0045DC83 /* PBXTargetDependency */,
			);
			name = MySampleFrameworkKitTests;
			productName = MySampleFrameworkKitTests;
			productReference = 5977AB3829EC8D8F0045DC83 /* MySampleFrameworkKitTests.xctest */;
			productType = "com.apple.product-type.bundle.unit-test";
		};
		5977AB4D29EC926D0045DC83 /* Example */ = {
			isa = PBXNativeTarget;
			buildConfigurationList = 5977AB7B29EC926F0045DC83 /* Build configuration list for PBXNativeTarget "Example" */;
			buildPhases = (
				5977AB4A29EC926D0045DC83 /* Sources */,
				5977AB4B29EC926D0045DC83 /* Frameworks */,
				5977AB4C29EC926D0045DC83 /* Resources */,
				5977AB8329EC93210045DC83 /* Embed Frameworks */,
			);
			buildRules = (
			);
			dependencies = (
				5977AB8229EC93210045DC83 /* PBXTargetDependency */,
			);
			name = Example;
			productName = Example;
			productReference = 5977AB4E29EC926D0045DC83 /* Example.app */;
			productType = "com.apple.product-type.application";
		};
		5977AB6229EC926E0045DC83 /* ExampleTests */ = {
			isa = PBXNativeTarget;
			buildConfigurationList = 5977AB7C29EC926F0045DC83 /* Build configuration list for PBXNativeTarget "ExampleTests" */;
			buildPhases = (
				5977AB5F29EC926E0045DC83 /* Sources */,
				5977AB6029EC926E0045DC83 /* Frameworks */,
				5977AB6129EC926E0045DC83 /* Resources */,
			);
			buildRules = (
			);
			dependencies = (
				5977AB6529EC926F0045DC83 /* PBXTargetDependency */,
			);
			name = ExampleTests;
			productName = ExampleTests;
			productReference = 5977AB6329EC926E0045DC83 /* ExampleTests.xctest */;
			productType = "com.apple.product-type.bundle.unit-test";
		};
		5977AB6C29EC926F0045DC83 /* ExampleUITests */ = {
			isa = PBXNativeTarget;
			buildConfigurationList = 5977AB7D29EC926F0045DC83 /* Build configuration list for PBXNativeTarget "ExampleUITests" */;
			buildPhases = (
				5977AB6929EC926F0045DC83 /* Sources */,
				5977AB6A29EC926F0045DC83 /* Frameworks */,
				5977AB6B29EC926F0045DC83 /* Resources */,
			);
			buildRules = (
			);
			dependencies = (
				5977AB6F29EC926F0045DC83 /* PBXTargetDependency */,
			);
			name = ExampleUITests;
			productName = ExampleUITests;
			productReference = 5977AB6D29EC926F0045DC83 /* ExampleUITests.xctest */;
			productType = "com.apple.product-type.bundle.ui-testing";
		};
/* End PBXNativeTarget section */

/* Begin PBXProject section */
		5977AB2529EC8D8F0045DC83 /* Project object */ = {
			isa = PBXProject;
			attributes = {
				BuildIndependentTargetsInParallel = 1;
				LastSwiftUpdateCheck = 1420;
				LastUpgradeCheck = 1420;
				TargetAttributes = {
					5977AB2D29EC8D8F0045DC83 = {
						CreatedOnToolsVersion = 14.2;
					};
					5977AB3729EC8D8F0045DC83 = {
						CreatedOnToolsVersion = 14.2;
					};
					5977AB4D29EC926D0045DC83 = {
						CreatedOnToolsVersion = 14.2;
					};
					5977AB6229EC926E0045DC83 = {
						CreatedOnToolsVersion = 14.2;
						TestTargetID = 5977AB4D29EC926D0045DC83;
					};
					5977AB6C29EC926F0045DC83 = {
						CreatedOnToolsVersion = 14.2;
						TestTargetID = 5977AB4D29EC926D0045DC83;
					};
				};
			};
			buildConfigurationList = 5977AB2829EC8D8F0045DC83 /* Build configuration list for PBXProject "MySampleFrameworkKit" */;
			compatibilityVersion = "Xcode 14.0";
			developmentRegion = en;
			hasScannedForEncodings = 0;
			knownRegions = (
				en,
				Base,
			);
			mainGroup = 5977AB2429EC8D8F0045DC83;
			productRefGroup = 5977AB2F29EC8D8F0045DC83 /* Products */;
			projectDirPath = "";
			projectRoot = "";
			targets = (
				5977AB2D29EC8D8F0045DC83 /* MySampleFrameworkKit */,
				5977AB3729EC8D8F0045DC83 /* MySampleFrameworkKitTests */,
				5977AB4D29EC926D0045DC83 /* Example */,
				5977AB6229EC926E0045DC83 /* ExampleTests */,
				5977AB6C29EC926F0045DC83 /* ExampleUITests */,
			);
		};
/* End PBXProject section */

/* Begin PBXResourcesBuildPhase section */
		5977AB2C29EC8D8F0045DC83 /* Resources */ = {
			isa = PBXResourcesBuildPhase;
			buildActionMask = 2147483647;
			files = (
			);
			runOnlyForDeploymentPostprocessing = 0;
		};
		5977AB3629EC8D8F0045DC83 /* Resources */ = {
			isa = PBXResourcesBuildPhase;
			buildActionMask = 2147483647;
			files = (
			);
			runOnlyForDeploymentPostprocessing = 0;
		};
		5977AB4C29EC926D0045DC83 /* Resources */ = {
			isa = PBXResourcesBuildPhase;
			buildActionMask = 2147483647;
			files = (
				5977AB5D29EC926E0045DC83 /* LaunchScreen.storyboard in Resources */,
				5977AB5A29EC926E0045DC83 /* Assets.xcassets in Resources */,
				5977AB5829EC926D0045DC83 /* Main.storyboard in Resources */,
			);
			runOnlyForDeploymentPostprocessing = 0;
		};
		5977AB6129EC926E0045DC83 /* Resources */ = {
			isa = PBXResourcesBuildPhase;
			buildActionMask = 2147483647;
			files = (
			);
			runOnlyForDeploymentPostprocessing = 0;
		};
		5977AB6B29EC926F0045DC83 /* Resources */ = {
			isa = PBXResourcesBuildPhase;
			buildActionMask = 2147483647;
			files = (
			);
			runOnlyForDeploymentPostprocessing = 0;
		};
/* End PBXResourcesBuildPhase section */

/* Begin PBXSourcesBuildPhase section */
		5977AB2A29EC8D8F0045DC83 /* Sources */ = {
			isa = PBXSourcesBuildPhase;
			buildActionMask = 2147483647;
			files = (
				5977AB4929EC8DA30045DC83 /* MySampleVC.swift in Sources */,
				5977AB3329EC8D8F0045DC83 /* MySampleFrameworkKit.docc in Sources */,
			);
			runOnlyForDeploymentPostprocessing = 0;
		};
		5977AB3429EC8D8F0045DC83 /* Sources */ = {
			isa = PBXSourcesBuildPhase;
			buildActionMask = 2147483647;
			files = (
				5977AB3E29EC8D8F0045DC83 /* MySampleFrameworkKitTests.swift in Sources */,
			);
			runOnlyForDeploymentPostprocessing = 0;
		};
		5977AB4A29EC926D0045DC83 /* Sources */ = {
			isa = PBXSourcesBuildPhase;
			buildActionMask = 2147483647;
			files = (
				5977AB5529EC926D0045DC83 /* ViewController.swift in Sources */,
				5977AB5129EC926D0045DC83 /* AppDelegate.swift in Sources */,
				5977AB5329EC926D0045DC83 /* SceneDelegate.swift in Sources */,
			);
			runOnlyForDeploymentPostprocessing = 0;
		};
		5977AB5F29EC926E0045DC83 /* Sources */ = {
			isa = PBXSourcesBuildPhase;
			buildActionMask = 2147483647;
			files = (
				5977AB6829EC926F0045DC83 /* ExampleTests.swift in Sources */,
			);
			runOnlyForDeploymentPostprocessing = 0;
		};
		5977AB6929EC926F0045DC83 /* Sources */ = {
			isa = PBXSourcesBuildPhase;
			buildActionMask = 2147483647;
			files = (
				5977AB7229EC926F0045DC83 /* ExampleUITests.swift in Sources */,
				5977AB7429EC926F0045DC83 /* ExampleUITestsLaunchTests.swift in Sources */,
			);
			runOnlyForDeploymentPostprocessing = 0;
		};
/* End PBXSourcesBuildPhase section */

/* Begin PBXTargetDependency section */
		5977AB3B29EC8D8F0045DC83 /* PBXTargetDependency */ = {
			isa = PBXTargetDependency;
			target = 5977AB2D29EC8D8F0045DC83 /* MySampleFrameworkKit */;
			targetProxy = 5977AB3A29EC8D8F0045DC83 /* PBXContainerItemProxy */;
		};
		5977AB6529EC926F0045DC83 /* PBXTargetDependency */ = {
			isa = PBXTargetDependency;
			target = 5977AB4D29EC926D0045DC83 /* Example */;
			targetProxy = 5977AB6429EC926F0045DC83 /* PBXContainerItemProxy */;
		};
		5977AB6F29EC926F0045DC83 /* PBXTargetDependency */ = {
			isa = PBXTargetDependency;
			target = 5977AB4D29EC926D0045DC83 /* Example */;
			targetProxy = 5977AB6E29EC926F0045DC83 /* PBXContainerItemProxy */;
		};
		5977AB8229EC93210045DC83 /* PBXTargetDependency */ = {
			isa = PBXTargetDependency;
			target = 5977AB2D29EC8D8F0045DC83 /* MySampleFrameworkKit */;
			targetProxy = 5977AB8129EC93210045DC83 /* PBXContainerItemProxy */;
		};
/* End PBXTargetDependency section */

/* Begin PBXVariantGroup section */
		5977AB5629EC926D0045DC83 /* Main.storyboard */ = {
			isa = PBXVariantGroup;
			children = (
				5977AB5729EC926D0045DC83 /* Base */,
			);
			name = Main.storyboard;
			sourceTree = "<group>";
		};
		5977AB5B29EC926E0045DC83 /* LaunchScreen.storyboard */ = {
			isa = PBXVariantGroup;
			children = (
				5977AB5C29EC926E0045DC83 /* Base */,
			);
			name = LaunchScreen.storyboard;
			sourceTree = "<group>";
		};
/* End PBXVariantGroup section */

/* Begin XCBuildConfiguration section */
		5977AB4029EC8D8F0045DC83 /* Debug */ = {
			isa = XCBuildConfiguration;
			buildSettings = {
				ALWAYS_SEARCH_USER_PATHS = NO;
				CLANG_ANALYZER_NONNULL = YES;
				CLANG_ANALYZER_NUMBER_OBJECT_CONVERSION = YES_AGGRESSIVE;
				CLANG_CXX_LANGUAGE_STANDARD = "gnu++20";
				CLANG_ENABLE_MODULES = YES;
				CLANG_ENABLE_OBJC_ARC = YES;
				CLANG_ENABLE_OBJC_WEAK = YES;
				CLANG_WARN_BLOCK_CAPTURE_AUTORELEASING = YES;
				CLANG_WARN_BOOL_CONVERSION = YES;
				CLANG_WARN_COMMA = YES;
				CLANG_WARN_CONSTANT_CONVERSION = YES;
				CLANG_WARN_DEPRECATED_OBJC_IMPLEMENTATIONS = YES;
				CLANG_WARN_DIRECT_OBJC_ISA_USAGE = YES_ERROR;
				CLANG_WARN_DOCUMENTATION_COMMENTS = YES;
				CLANG_WARN_EMPTY_BODY = YES;
				CLANG_WARN_ENUM_CONVERSION = YES;
				CLANG_WARN_INFINITE_RECURSION = YES;
				CLANG_WARN_INT_CONVERSION = YES;
				CLANG_WARN_NON_LITERAL_NULL_CONVERSION = YES;
				CLANG_WARN_OBJC_IMPLICIT_RETAIN_SELF = YES;
				CLANG_WARN_OBJC_LITERAL_CONVERSION = YES;
				CLANG_WARN_OBJC_ROOT_CLASS = YES_ERROR;
				CLANG_WARN_QUOTED_INCLUDE_IN_FRAMEWORK_HEADER = YES;
				CLANG_WARN_RANGE_LOOP_ANALYSIS = YES;
				CLANG_WARN_STRICT_PROTOTYPES = YES;
				CLANG_WARN_SUSPICIOUS_MOVE = YES;
				CLANG_WARN_UNGUARDED_AVAILABILITY = YES_AGGRESSIVE;
				CLANG_WARN_UNREACHABLE_CODE = YES;
				CLANG_WARN__DUPLICATE_METHOD_MATCH = YES;
				COPY_PHASE_STRIP = NO;
				CURRENT_PROJECT_VERSION = 1;
				DEBUG_INFORMATION_FORMAT = dwarf;
				ENABLE_STRICT_OBJC_MSGSEND = YES;
				ENABLE_TESTABILITY = YES;
				GCC_C_LANGUAGE_STANDARD = gnu11;
				GCC_DYNAMIC_NO_PIC = NO;
				GCC_NO_COMMON_BLOCKS = YES;
				GCC_OPTIMIZATION_LEVEL = 0;
				GCC_PREPROCESSOR_DEFINITIONS = (
					"DEBUG=1",
					"$(inherited)",
				);
				GCC_WARN_64_TO_32_BIT_CONVERSION = YES;
				GCC_WARN_ABOUT_RETURN_TYPE = YES_ERROR;
				GCC_WARN_UNDECLARED_SELECTOR = YES;
				GCC_WARN_UNINITIALIZED_AUTOS = YES_AGGRESSIVE;
				GCC_WARN_UNUSED_FUNCTION = YES;
				GCC_WARN_UNUSED_VARIABLE = YES;
				IPHONEOS_DEPLOYMENT_TARGET = 16.2;
				MTL_ENABLE_DEBUG_INFO = INCLUDE_SOURCE;
				MTL_FAST_MATH = YES;
				ONLY_ACTIVE_ARCH = YES;
				SDKROOT = iphoneos;
				SWIFT_ACTIVE_COMPILATION_CONDITIONS = DEBUG;
				SWIFT_OPTIMIZATION_LEVEL = "-Onone";
				VERSIONING_SYSTEM = "apple-generic";
				VERSION_INFO_PREFIX = "";
			};
			name = Debug;
		};
		5977AB4129EC8D8F0045DC83 /* Release */ = {
			isa = XCBuildConfiguration;
			buildSettings = {
				ALWAYS_SEARCH_USER_PATHS = NO;
				CLANG_ANALYZER_NONNULL = YES;
				CLANG_ANALYZER_NUMBER_OBJECT_CONVERSION = YES_AGGRESSIVE;
				CLANG_CXX_LANGUAGE_STANDARD = "gnu++20";
				CLANG_ENABLE_MODULES = YES;
				CLANG_ENABLE_OBJC_ARC = YES;
				CLANG_ENABLE_OBJC_WEAK = YES;
				CLANG_WARN_BLOCK_CAPTURE_AUTORELEASING = YES;
				CLANG_WARN_BOOL_CONVERSION = YES;
				CLANG_WARN_COMMA = YES;
				CLANG_WARN_CONSTANT_CONVERSION = YES;
				CLANG_WARN_DEPRECATED_OBJC_IMPLEMENTATIONS = YES;
				CLANG_WARN_DIRECT_OBJC_ISA_USAGE = YES_ERROR;
				CLANG_WARN_DOCUMENTATION_COMMENTS = YES;
				CLANG_WARN_EMPTY_BODY = YES;
				CLANG_WARN_ENUM_CONVERSION = YES;
				CLANG_WARN_INFINITE_RECURSION = YES;
				CLANG_WARN_INT_CONVERSION = YES;
				CLANG_WARN_NON_LITERAL_NULL_CONVERSION = YES;
				CLANG_WARN_OBJC_IMPLICIT_RETAIN_SELF = YES;
				CLANG_WARN_OBJC_LITERAL_CONVERSION = YES;
				CLANG_WARN_OBJC_ROOT_CLASS = YES_ERROR;
				CLANG_WARN_QUOTED_INCLUDE_IN_FRAMEWORK_HEADER = YES;
				CLANG_WARN_RANGE_LOOP_ANALYSIS = YES;
				CLANG_WARN_STRICT_PROTOTYPES = YES;
				CLANG_WARN_SUSPICIOUS_MOVE = YES;
				CLANG_WARN_UNGUARDED_AVAILABILITY = YES_AGGRESSIVE;
				CLANG_WARN_UNREACHABLE_CODE = YES;
				CLANG_WARN__DUPLICATE_METHOD_MATCH = YES;
				COPY_PHASE_STRIP = NO;
				CURRENT_PROJECT_VERSION = 1;
				DEBUG_INFORMATION_FORMAT = "dwarf-with-dsym";
				ENABLE_NS_ASSERTIONS = NO;
				ENABLE_STRICT_OBJC_MSGSEND = YES;
				GCC_C_LANGUAGE_STANDARD = gnu11;
				GCC_NO_COMMON_BLOCKS = YES;
				GCC_WARN_64_TO_32_BIT_CONVERSION = YES;
				GCC_WARN_ABOUT_RETURN_TYPE = YES_ERROR;
				GCC_WARN_UNDECLARED_SELECTOR = YES;
				GCC_WARN_UNINITIALIZED_AUTOS = YES_AGGRESSIVE;
				GCC_WARN_UNUSED_FUNCTION = YES;
				GCC_WARN_UNUSED_VARIABLE = YES;
				IPHONEOS_DEPLOYMENT_TARGET = 16.2;
				MTL_ENABLE_DEBUG_INFO = NO;
				MTL_FAST_MATH = YES;
				SDKROOT = iphoneos;
				SWIFT_COMPILATION_MODE = wholemodule;
				SWIFT_OPTIMIZATION_LEVEL = "-O";
				VALIDATE_PRODUCT = YES;
				VERSIONING_SYSTEM = "apple-generic";
				VERSION_INFO_PREFIX = "";
			};
			name = Release;
		};
		5977AB4329EC8D8F0045DC83 /* Debug */ = {
			isa = XCBuildConfiguration;
			buildSettings = {
				CODE_SIGN_STYLE = Automatic;
				CURRENT_PROJECT_VERSION = 1;
				DEFINES_MODULE = YES;
				DEVELOPMENT_TEAM = 6G96J5D7KG;
				DYLIB_COMPATIBILITY_VERSION = 1;
				DYLIB_CURRENT_VERSION = 1;
				DYLIB_INSTALL_NAME_BASE = "@rpath";
				GENERATE_INFOPLIST_FILE = YES;
				INFOPLIST_KEY_NSHumanReadableCopyright = "";
				INSTALL_PATH = "$(LOCAL_LIBRARY_DIR)/Frameworks";
				LD_RUNPATH_SEARCH_PATHS = (
					"$(inherited)",
					"@executable_path/Frameworks",
					"@loader_path/Frameworks",
				);
				MARKETING_VERSION = 1.0;
				PRODUCT_BUNDLE_IDENTIFIER = com.bulutoztemur.MySampleFrameworkKit;
				PRODUCT_NAME = "$(TARGET_NAME:c99extidentifier)";
				SKIP_INSTALL = YES;
				SWIFT_EMIT_LOC_STRINGS = YES;
				SWIFT_VERSION = 5.0;
				TARGETED_DEVICE_FAMILY = "1,2";
			};
			name = Debug;
		};
		5977AB4429EC8D8F0045DC83 /* Release */ = {
			isa = XCBuildConfiguration;
			buildSettings = {
				CODE_SIGN_STYLE = Automatic;
				CURRENT_PROJECT_VERSION = 1;
				DEFINES_MODULE = YES;
				DEVELOPMENT_TEAM = 6G96J5D7KG;
				DYLIB_COMPATIBILITY_VERSION = 1;
				DYLIB_CURRENT_VERSION = 1;
				DYLIB_INSTALL_NAME_BASE = "@rpath";
				GENERATE_INFOPLIST_FILE = YES;
				INFOPLIST_KEY_NSHumanReadableCopyright = "";
				INSTALL_PATH = "$(LOCAL_LIBRARY_DIR)/Frameworks";
				LD_RUNPATH_SEARCH_PATHS = (
					"$(inherited)",
					"@executable_path/Frameworks",
					"@loader_path/Frameworks",
				);
				MARKETING_VERSION = 1.0;
				PRODUCT_BUNDLE_IDENTIFIER = com.bulutoztemur.MySampleFrameworkKit;
				PRODUCT_NAME = "$(TARGET_NAME:c99extidentifier)";
				SKIP_INSTALL = YES;
				SWIFT_EMIT_LOC_STRINGS = YES;
				SWIFT_VERSION = 5.0;
				TARGETED_DEVICE_FAMILY = "1,2";
			};
			name = Release;
		};
		5977AB4629EC8D8F0045DC83 /* Debug */ = {
			isa = XCBuildConfiguration;
			buildSettings = {
				ALWAYS_EMBED_SWIFT_STANDARD_LIBRARIES = YES;
				CODE_SIGN_STYLE = Automatic;
				CURRENT_PROJECT_VERSION = 1;
				DEVELOPMENT_TEAM = 6G96J5D7KG;
				GENERATE_INFOPLIST_FILE = YES;
				MARKETING_VERSION = 1.0;
				PRODUCT_BUNDLE_IDENTIFIER = com.bulutoztemur.MySampleFrameworkKitTests;
				PRODUCT_NAME = "$(TARGET_NAME)";
				SWIFT_EMIT_LOC_STRINGS = NO;
				SWIFT_VERSION = 5.0;
				TARGETED_DEVICE_FAMILY = "1,2";
			};
			name = Debug;
		};
		5977AB4729EC8D8F0045DC83 /* Release */ = {
			isa = XCBuildConfiguration;
			buildSettings = {
				ALWAYS_EMBED_SWIFT_STANDARD_LIBRARIES = YES;
				CODE_SIGN_STYLE = Automatic;
				CURRENT_PROJECT_VERSION = 1;
				DEVELOPMENT_TEAM = 6G96J5D7KG;
				GENERATE_INFOPLIST_FILE = YES;
				MARKETING_VERSION = 1.0;
				PRODUCT_BUNDLE_IDENTIFIER = com.bulutoztemur.MySampleFrameworkKitTests;
				PRODUCT_NAME = "$(TARGET_NAME)";
				SWIFT_EMIT_LOC_STRINGS = NO;
				SWIFT_VERSION = 5.0;
				TARGETED_DEVICE_FAMILY = "1,2";
			};
			name = Release;
		};
		5977AB7529EC926F0045DC83 /* Debug */ = {
			isa = XCBuildConfiguration;
			buildSettings = {
				ASSETCATALOG_COMPILER_APPICON_NAME = AppIcon;
				ASSETCATALOG_COMPILER_GLOBAL_ACCENT_COLOR_NAME = AccentColor;
				CODE_SIGN_STYLE = Automatic;
				CURRENT_PROJECT_VERSION = 1;
				DEVELOPMENT_TEAM = 6G96J5D7KG;
				GENERATE_INFOPLIST_FILE = YES;
				INFOPLIST_FILE = Example/Info.plist;
				INFOPLIST_KEY_UIApplicationSupportsIndirectInputEvents = YES;
				INFOPLIST_KEY_UILaunchStoryboardName = LaunchScreen;
				INFOPLIST_KEY_UIMainStoryboardFile = Main;
				INFOPLIST_KEY_UISupportedInterfaceOrientations_iPad = "UIInterfaceOrientationPortrait UIInterfaceOrientationPortraitUpsideDown UIInterfaceOrientationLandscapeLeft UIInterfaceOrientationLandscapeRight";
				INFOPLIST_KEY_UISupportedInterfaceOrientations_iPhone = "UIInterfaceOrientationPortrait UIInterfaceOrientationLandscapeLeft UIInterfaceOrientationLandscapeRight";
				LD_RUNPATH_SEARCH_PATHS = (
					"$(inherited)",
					"@executable_path/Frameworks",
				);
				MARKETING_VERSION = 1.0;
				PRODUCT_BUNDLE_IDENTIFIER = com.bulutoztemur.Example;
				PRODUCT_NAME = "$(TARGET_NAME)";
				SWIFT_EMIT_LOC_STRINGS = YES;
				SWIFT_VERSION = 5.0;
				TARGETED_DEVICE_FAMILY = "1,2";
			};
			name = Debug;
		};
		5977AB7629EC926F0045DC83 /* Release */ = {
			isa = XCBuildConfiguration;
			buildSettings = {
				ASSETCATALOG_COMPILER_APPICON_NAME = AppIcon;
				ASSETCATALOG_COMPILER_GLOBAL_ACCENT_COLOR_NAME = AccentColor;
				CODE_SIGN_STYLE = Automatic;
				CURRENT_PROJECT_VERSION = 1;
				DEVELOPMENT_TEAM = 6G96J5D7KG;
				GENERATE_INFOPLIST_FILE = YES;
				INFOPLIST_FILE = Example/Info.plist;
				INFOPLIST_KEY_UIApplicationSupportsIndirectInputEvents = YES;
				INFOPLIST_KEY_UILaunchStoryboardName = LaunchScreen;
				INFOPLIST_KEY_UIMainStoryboardFile = Main;
				INFOPLIST_KEY_UISupportedInterfaceOrientations_iPad = "UIInterfaceOrientationPortrait UIInterfaceOrientationPortraitUpsideDown UIInterfaceOrientationLandscapeLeft UIInterfaceOrientationLandscapeRight";
				INFOPLIST_KEY_UISupportedInterfaceOrientations_iPhone = "UIInterfaceOrientationPortrait UIInterfaceOrientationLandscapeLeft UIInterfaceOrientationLandscapeRight";
				LD_RUNPATH_SEARCH_PATHS = (
					"$(inherited)",
					"@executable_path/Frameworks",
				);
				MARKETING_VERSION = 1.0;
				PRODUCT_BUNDLE_IDENTIFIER = com.bulutoztemur.Example;
				PRODUCT_NAME = "$(TARGET_NAME)";
				SWIFT_EMIT_LOC_STRINGS = YES;
				SWIFT_VERSION = 5.0;
				TARGETED_DEVICE_FAMILY = "1,2";
			};
			name = Release;
		};
		5977AB7729EC926F0045DC83 /* Debug */ = {
			isa = XCBuildConfiguration;
			buildSettings = {
				ALWAYS_EMBED_SWIFT_STANDARD_LIBRARIES = YES;
				BUNDLE_LOADER = "$(TEST_HOST)";
				CODE_SIGN_STYLE = Automatic;
				CURRENT_PROJECT_VERSION = 1;
				DEVELOPMENT_TEAM = 6G96J5D7KG;
				GENERATE_INFOPLIST_FILE = YES;
				IPHONEOS_DEPLOYMENT_TARGET = 16.2;
				MARKETING_VERSION = 1.0;
				PRODUCT_BUNDLE_IDENTIFIER = com.bulutoztemur.ExampleTests;
				PRODUCT_NAME = "$(TARGET_NAME)";
				SWIFT_EMIT_LOC_STRINGS = NO;
				SWIFT_VERSION = 5.0;
				TARGETED_DEVICE_FAMILY = "1,2";
				TEST_HOST = "$(BUILT_PRODUCTS_DIR)/Example.app/$(BUNDLE_EXECUTABLE_FOLDER_PATH)/Example";
			};
			name = Debug;
		};
		5977AB7829EC926F0045DC83 /* Release */ = {
			isa = XCBuildConfiguration;
			buildSettings = {
				ALWAYS_EMBED_SWIFT_STANDARD_LIBRARIES = YES;
				BUNDLE_LOADER = "$(TEST_HOST)";
				CODE_SIGN_STYLE = Automatic;
				CURRENT_PROJECT_VERSION = 1;
				DEVELOPMENT_TEAM = 6G96J5D7KG;
				GENERATE_INFOPLIST_FILE = YES;
				IPHONEOS_DEPLOYMENT_TARGET = 16.2;
				MARKETING_VERSION = 1.0;
				PRODUCT_BUNDLE_IDENTIFIER = com.bulutoztemur.ExampleTests;
				PRODUCT_NAME = "$(TARGET_NAME)";
				SWIFT_EMIT_LOC_STRINGS = NO;
				SWIFT_VERSION = 5.0;
				TARGETED_DEVICE_FAMILY = "1,2";
				TEST_HOST = "$(BUILT_PRODUCTS_DIR)/Example.app/$(BUNDLE_EXECUTABLE_FOLDER_PATH)/Example";
			};
			name = Release;
		};
		5977AB7929EC926F0045DC83 /* Debug */ = {
			isa = XCBuildConfiguration;
			buildSettings = {
				ALWAYS_EMBED_SWIFT_STANDARD_LIBRARIES = YES;
				CODE_SIGN_STYLE = Automatic;
				CURRENT_PROJECT_VERSION = 1;
				DEVELOPMENT_TEAM = 6G96J5D7KG;
				GENERATE_INFOPLIST_FILE = YES;
				MARKETING_VERSION = 1.0;
				PRODUCT_BUNDLE_IDENTIFIER = com.bulutoztemur.ExampleUITests;
				PRODUCT_NAME = "$(TARGET_NAME)";
				SWIFT_EMIT_LOC_STRINGS = NO;
				SWIFT_VERSION = 5.0;
				TARGETED_DEVICE_FAMILY = "1,2";
				TEST_TARGET_NAME = Example;
			};
			name = Debug;
		};
		5977AB7A29EC926F0045DC83 /* Release */ = {
			isa = XCBuildConfiguration;
			buildSettings = {
				ALWAYS_EMBED_SWIFT_STANDARD_LIBRARIES = YES;
				CODE_SIGN_STYLE = Automatic;
				CURRENT_PROJECT_VERSION = 1;
				DEVELOPMENT_TEAM = 6G96J5D7KG;
				GENERATE_INFOPLIST_FILE = YES;
				MARKETING_VERSION = 1.0;
				PRODUCT_BUNDLE_IDENTIFIER = com.bulutoztemur.ExampleUITests;
				PRODUCT_NAME = "$(TARGET_NAME)";
				SWIFT_EMIT_LOC_STRINGS = NO;
				SWIFT_VERSION = 5.0;
				TARGETED_DEVICE_FAMILY = "1,2";
				TEST_TARGET_NAME = Example;
			};
			name = Release;
		};
/* End XCBuildConfiguration section */

/* Begin XCConfigurationList section */
		5977AB2829EC8D8F0045DC83 /* Build configuration list for PBXProject "MySampleFrameworkKit" */ = {
			isa = XCConfigurationList;
			buildConfigurations = (
				5977AB4029EC8D8F0045DC83 /* Debug */,
				5977AB4129EC8D8F0045DC83 /* Release */,
			);
			defaultConfigurationIsVisible = 0;
			defaultConfigurationName = Release;
		};
		5977AB4229EC8D8F0045DC83 /* Build configuration list for PBXNativeTarget "MySampleFrameworkKit" */ = {
			isa = XCConfigurationList;
			buildConfigurations = (
				5977AB4329EC8D8F0045DC83 /* Debug */,
				5977AB4429EC8D8F0045DC83 /* Release */,
			);
			defaultConfigurationIsVisible = 0;
			defaultConfigurationName = Release;
		};
		5977AB4529EC8D8F0045DC83 /* Build configuration list for PBXNativeTarget "MySampleFrameworkKitTests" */ = {
			isa = XCConfigurationList;
			buildConfigurations = (
				5977AB4629EC8D8F0045DC83 /* Debug */,
				5977AB4729EC8D8F0045DC83 /* Release */,
			);
			defaultConfigurationIsVisible = 0;
			defaultConfigurationName = Release;
		};
		5977AB7B29EC926F0045DC83 /* Build configuration list for PBXNativeTarget "Example" */ = {
			isa = XCConfigurationList;
			buildConfigurations = (
				5977AB7529EC926F0045DC83 /* Debug */,
				5977AB7629EC926F0045DC83 /* Release */,
			);
			defaultConfigurationIsVisible = 0;
			defaultConfigurationName = Release;
		};
		5977AB7C29EC926F0045DC83 /* Build configuration list for PBXNativeTarget "ExampleTests" */ = {
			isa = XCConfigurationList;
			buildConfigurations = (
				5977AB7729EC926F0045DC83 /* Debug */,
				5977AB7829EC926F0045DC83 /* Release */,
			);
			defaultConfigurationIsVisible = 0;
			defaultConfigurationName = Release;
		};
		5977AB7D29EC926F0045DC83 /* Build configuration list for PBXNativeTarget "ExampleUITests" */ = {
			isa = XCConfigurationList;
			buildConfigurations = (
				5977AB7929EC926F0045DC83 /* Debug */,
				5977AB7A29EC926F0045DC83 /* Release */,
			);
			defaultConfigurationIsVisible = 0;
			defaultConfigurationName = Release;
		};
/* End XCConfigurationList section */
	};
	rootObject = 5977AB2529EC8D8F0045DC83 /* Project object */;
}
